
Microsoft Visual Studio Solution File, Format Version 12.00
# Visual Studio 15
VisualStudioVersion = 15.0.27130.2010
MinimumVisualStudioVersion = 10.0.40219.1
Project("{FAE04EC0-301F-11D3-BF4B-00C04F79EFBC}") = "RoseSoft", "RoseSoft\RoseSoft.csproj", "{4D18971F-2529-4B59-94C3-3E6E7FCB1F2C}"
EndProject
Global
	GlobalSection(SolutionConfigurationPlatforms) = preSolution
		Debug|Any CPU = Debug|Any CPU
		Release|Any CPU = Release|Any CPU
	EndGlobalSection
	GlobalSection(ProjectConfigurationPlatforms) = postSolution
		{4D18971F-2529-4B59-94C3-3E6E7FCB1F2C}.Debug|Any CPU.ActiveCfg = Debug|Any CPU
		{4D18971F-2529-4B59-94C3-3E6E7FCB1F2C}.Debug|Any CPU.Build.0 = Debug|Any CPU
		{4D18971F-2529-4B59-94C3-3E6E7FCB1F2C}.Release|Any CPU.ActiveCfg = Release|Any CPU
		{4D18971F-2529-4B59-94C3-3E6E7FCB1F2C}.Release|Any CPU.Build.0 = Release|Any CPU
	EndGlobalSection
	GlobalSection(SolutionProperties) = preSolution
		HideSolutionNode = FALSE
	EndGlobalSection
	GlobalSection(ExtensibilityGlobals) = postSolution
		SolutionGuid = {6E52F6E0-575A-493F-9109-F973626B6B35}
	EndGlobalSection
EndGlobal
